// !$*UTF8*$!
{
	archiveVersion = 1;
	classes = {
	};
	objectVersion = 46;
	objects = {

/* Begin PBXBuildFile section */
		56F48B73F5C99E0B955FC3FE /* Pods_Sections_Example.framework in Frameworks */ = {isa = PBXBuildFile; fileRef = 897873E611E4514F74987B63 /* Pods_Sections_Example.framework */; };
		6003F58E195388D20070C39A /* Foundation.framework in Frameworks */ = {isa = PBXBuildFile; fileRef = 6003F58D195388D20070C39A /* Foundation.framework */; };
		6003F590195388D20070C39A /* CoreGraphics.framework in Frameworks */ = {isa = PBXBuildFile; fileRef = 6003F58F195388D20070C39A /* CoreGraphics.framework */; };
		6003F592195388D20070C39A /* UIKit.framework in Frameworks */ = {isa = PBXBuildFile; fileRef = 6003F591195388D20070C39A /* UIKit.framework */; };
		6003F598195388D20070C39A /* InfoPlist.strings in Resources */ = {isa = PBXBuildFile; fileRef = 6003F596195388D20070C39A /* InfoPlist.strings */; };
		6003F59A195388D20070C39A /* main.m in Sources */ = {isa = PBXBuildFile; fileRef = 6003F599195388D20070C39A /* main.m */; };
		6003F59E195388D20070C39A /* STAppDelegate.m in Sources */ = {isa = PBXBuildFile; fileRef = 6003F59D195388D20070C39A /* STAppDelegate.m */; };
		6003F5A7195388D20070C39A /* STViewController.m in Sources */ = {isa = PBXBuildFile; fileRef = 6003F5A6195388D20070C39A /* STViewController.m */; };
		6003F5A9195388D20070C39A /* Images.xcassets in Resources */ = {isa = PBXBuildFile; fileRef = 6003F5A8195388D20070C39A /* Images.xcassets */; };
		6003F5B0195388D20070C39A /* XCTest.framework in Frameworks */ = {isa = PBXBuildFile; fileRef = 6003F5AF195388D20070C39A /* XCTest.framework */; };
		6003F5B1195388D20070C39A /* Foundation.framework in Frameworks */ = {isa = PBXBuildFile; fileRef = 6003F58D195388D20070C39A /* Foundation.framework */; };
		6003F5B2195388D20070C39A /* UIKit.framework in Frameworks */ = {isa = PBXBuildFile; fileRef = 6003F591195388D20070C39A /* UIKit.framework */; };
		6003F5BA195388D20070C39A /* InfoPlist.strings in Resources */ = {isa = PBXBuildFile; fileRef = 6003F5B8195388D20070C39A /* InfoPlist.strings */; };
		6003F5BC195388D20070C39A /* Tests.m in Sources */ = {isa = PBXBuildFile; fileRef = 6003F5BB195388D20070C39A /* Tests.m */; };
		71719F9F1E33DC2100824A3D /* LaunchScreen.storyboard in Resources */ = {isa = PBXBuildFile; fileRef = 71719F9D1E33DC2100824A3D /* LaunchScreen.storyboard */; };
		873B8AEB1B1F5CCA007FD442 /* Main.storyboard in Resources */ = {isa = PBXBuildFile; fileRef = 873B8AEA1B1F5CCA007FD442 /* Main.storyboard */; };
		99E747BD1E8AE4E6006B805C /* SaldoCardSectionBuilder.m in Sources */ = {isa = PBXBuildFile; fileRef = 99E747B81E8AE4E6006B805C /* SaldoCardSectionBuilder.m */; };
		99E747BE1E8AE4E6006B805C /* PendenciasCardSectionBuilder.m in Sources */ = {isa = PBXBuildFile; fileRef = 99E747BA1E8AE4E6006B805C /* PendenciasCardSectionBuilder.m */; };
		99E747BF1E8AE4E6006B805C /* GridSectionBuilder.m in Sources */ = {isa = PBXBuildFile; fileRef = 99E747BC1E8AE4E6006B805C /* GridSectionBuilder.m */; };
		99E747C71E8AE4FE006B805C /* PendenciasCardSectionCell.m in Sources */ = {isa = PBXBuildFile; fileRef = 99E747C21E8AE4FE006B805C /* PendenciasCardSectionCell.m */; };
		99E747C81E8AE4FE006B805C /* SaldoCardSectionCell.m in Sources */ = {isa = PBXBuildFile; fileRef = 99E747C41E8AE4FE006B805C /* SaldoCardSectionCell.m */; };
		99E747C91E8AE4FE006B805C /* SaldoExpandedCardSectionCell.m in Sources */ = {isa = PBXBuildFile; fileRef = 99E747C61E8AE4FE006B805C /* SaldoExpandedCardSectionCell.m */; };
		99E747DB1E8AE52C006B805C /* PriceCellBuilder.m in Sources */ = {isa = PBXBuildFile; fileRef = 99E747CC1E8AE52C006B805C /* PriceCellBuilder.m */; };
		99E747DC1E8AE52C006B805C /* WhiteSpaceCellBuilder.m in Sources */ = {isa = PBXBuildFile; fileRef = 99E747CE1E8AE52C006B805C /* WhiteSpaceCellBuilder.m */; };
		99E747DD1E8AE52D006B805C /* SaldoCellBuilder.m in Sources */ = {isa = PBXBuildFile; fileRef = 99E747D01E8AE52C006B805C /* SaldoCellBuilder.m */; };
		99E747DE1E8AE52D006B805C /* ActionsCellBuilder.m in Sources */ = {isa = PBXBuildFile; fileRef = 99E747D21E8AE52C006B805C /* ActionsCellBuilder.m */; };
		99E747DF1E8AE52D006B805C /* LISCellBuilder.m in Sources */ = {isa = PBXBuildFile; fileRef = 99E747D41E8AE52C006B805C /* LISCellBuilder.m */; };
		99E747E01E8AE52D006B805C /* LISUtilizadoBuilder.m in Sources */ = {isa = PBXBuildFile; fileRef = 99E747D61E8AE52C006B805C /* LISUtilizadoBuilder.m */; };
		99E747E11E8AE52D006B805C /* SaldoLISBuilder.m in Sources */ = {isa = PBXBuildFile; fileRef = 99E747D81E8AE52C006B805C /* SaldoLISBuilder.m */; };
		99E747E21E8AE52D006B805C /* PendenciasCellBuilder.m in Sources */ = {isa = PBXBuildFile; fileRef = 99E747DA1E8AE52C006B805C /* PendenciasCellBuilder.m */; };
		99E748021E8AE54F006B805C /* SaldoCell.m in Sources */ = {isa = PBXBuildFile; fileRef = 99E747E51E8AE54F006B805C /* SaldoCell.m */; };
		99E748031E8AE54F006B805C /* SaldoCell.xib in Resources */ = {isa = PBXBuildFile; fileRef = 99E747E61E8AE54F006B805C /* SaldoCell.xib */; };
		99E748041E8AE54F006B805C /* PriceCell.m in Sources */ = {isa = PBXBuildFile; fileRef = 99E747E81E8AE54F006B805C /* PriceCell.m */; };
		99E748051E8AE54F006B805C /* PriceCell.xib in Resources */ = {isa = PBXBuildFile; fileRef = 99E747E91E8AE54F006B805C /* PriceCell.xib */; };
		99E748061E8AE54F006B805C /* WhiteSpaceCell.m in Sources */ = {isa = PBXBuildFile; fileRef = 99E747EB1E8AE54F006B805C /* WhiteSpaceCell.m */; };
		99E748071E8AE54F006B805C /* WhiteSpaceCell.xib in Resources */ = {isa = PBXBuildFile; fileRef = 99E747EC1E8AE54F006B805C /* WhiteSpaceCell.xib */; };
		99E748081E8AE54F006B805C /* ActionsCell.m in Sources */ = {isa = PBXBuildFile; fileRef = 99E747EE1E8AE54F006B805C /* ActionsCell.m */; };
		99E748091E8AE54F006B805C /* ActionsCell.xib in Resources */ = {isa = PBXBuildFile; fileRef = 99E747EF1E8AE54F006B805C /* ActionsCell.xib */; };
		99E7480A1E8AE54F006B805C /* LISCell.m in Sources */ = {isa = PBXBuildFile; fileRef = 99E747F11E8AE54F006B805C /* LISCell.m */; };
		99E7480B1E8AE54F006B805C /* LISCell.xib in Resources */ = {isa = PBXBuildFile; fileRef = 99E747F21E8AE54F006B805C /* LISCell.xib */; };
		99E7480C1E8AE54F006B805C /* SaldoLISCell.m in Sources */ = {isa = PBXBuildFile; fileRef = 99E747F41E8AE54F006B805C /* SaldoLISCell.m */; };
		99E7480D1E8AE54F006B805C /* SaldoLISCell.xib in Resources */ = {isa = PBXBuildFile; fileRef = 99E747F51E8AE54F006B805C /* SaldoLISCell.xib */; };
		99E7480E1E8AE54F006B805C /* LISUtilizadoCell.m in Sources */ = {isa = PBXBuildFile; fileRef = 99E747F71E8AE54F006B805C /* LISUtilizadoCell.m */; };
		99E7480F1E8AE54F006B805C /* LISUtilizadoCell.xib in Resources */ = {isa = PBXBuildFile; fileRef = 99E747F81E8AE54F006B805C /* LISUtilizadoCell.xib */; };
		99E748101E8AE54F006B805C /* PendenciasCell.m in Sources */ = {isa = PBXBuildFile; fileRef = 99E747FA1E8AE54F006B805C /* PendenciasCell.m */; };
		99E748111E8AE54F006B805C /* PendenciasCell.xib in Resources */ = {isa = PBXBuildFile; fileRef = 99E747FB1E8AE54F006B805C /* PendenciasCell.xib */; };
		99E748121E8AE54F006B805C /* FeedbackCell.m in Sources */ = {isa = PBXBuildFile; fileRef = 99E747FD1E8AE54F006B805C /* FeedbackCell.m */; };
		99E748131E8AE54F006B805C /* FeedbackCell.xib in Resources */ = {isa = PBXBuildFile; fileRef = 99E747FE1E8AE54F006B805C /* FeedbackCell.xib */; };
		99E748141E8AE54F006B805C /* CollectionViewReusableHeader.m in Sources */ = {isa = PBXBuildFile; fileRef = 99E748001E8AE54F006B805C /* CollectionViewReusableHeader.m */; };
		99E748151E8AE54F006B805C /* CollectionViewReusableHeader.xib in Resources */ = {isa = PBXBuildFile; fileRef = 99E748011E8AE54F006B805C /* CollectionViewReusableHeader.xib */; };
		99E748191E8AE57E006B805C /* GridSectionImpl.m in Sources */ = {isa = PBXBuildFile; fileRef = 99E748181E8AE57E006B805C /* GridSectionImpl.m */; };
		99E7481C1E8AE586006B805C /* CardSectionImpl.m in Sources */ = {isa = PBXBuildFile; fileRef = 99E7481B1E8AE586006B805C /* CardSectionImpl.m */; };
		99E748201E8AE595006B805C /* GridCollectionViewCell.m in Sources */ = {isa = PBXBuildFile; fileRef = 99E7481E1E8AE595006B805C /* GridCollectionViewCell.m */; };
		99E748211E8AE595006B805C /* GridCollectionViewCell.xib in Resources */ = {isa = PBXBuildFile; fileRef = 99E7481F1E8AE595006B805C /* GridCollectionViewCell.xib */; };
		99E748251E8AE5A7006B805C /* CardsDatasource.m in Sources */ = {isa = PBXBuildFile; fileRef = 99E748241E8AE5A7006B805C /* CardsDatasource.m */; };
		F7AF8C920926035A6F3C562B /* Pods_Sections_Tests.framework in Frameworks */ = {isa = PBXBuildFile; fileRef = 44180B463435749A4A062E5D /* Pods_Sections_Tests.framework */; };
/* End PBXBuildFile section */

/* Begin PBXContainerItemProxy section */
		6003F5B3195388D20070C39A /* PBXContainerItemProxy */ = {
			isa = PBXContainerItemProxy;
			containerPortal = 6003F582195388D10070C39A /* Project object */;
			proxyType = 1;
			remoteGlobalIDString = 6003F589195388D20070C39A;
			remoteInfo = Sections;
		};
/* End PBXContainerItemProxy section */

/* Begin PBXFileReference section */
		002F5B5B4B097B3BA0798CE5 /* LICENSE */ = {isa = PBXFileReference; includeInIndex = 1; lastKnownFileType = text; name = LICENSE; path = ../LICENSE; sourceTree = "<group>"; };
		2B33AA5B160E7764BA5BC0BB /* Pods-Sections_Tests.release.xcconfig */ = {isa = PBXFileReference; includeInIndex = 1; lastKnownFileType = text.xcconfig; name = "Pods-Sections_Tests.release.xcconfig"; path = "Pods/Target Support Files/Pods-Sections_Tests/Pods-Sections_Tests.release.xcconfig"; sourceTree = "<group>"; };
		44180B463435749A4A062E5D /* Pods_Sections_Tests.framework */ = {isa = PBXFileReference; explicitFileType = wrapper.framework; includeInIndex = 0; path = Pods_Sections_Tests.framework; sourceTree = BUILT_PRODUCTS_DIR; };
		6003F58A195388D20070C39A /* Sections_Example.app */ = {isa = PBXFileReference; explicitFileType = wrapper.application; includeInIndex = 0; path = Sections_Example.app; sourceTree = BUILT_PRODUCTS_DIR; };
		6003F58D195388D20070C39A /* Foundation.framework */ = {isa = PBXFileReference; lastKnownFileType = wrapper.framework; name = Foundation.framework; path = System/Library/Frameworks/Foundation.framework; sourceTree = SDKROOT; };
		6003F58F195388D20070C39A /* CoreGraphics.framework */ = {isa = PBXFileReference; lastKnownFileType = wrapper.framework; name = CoreGraphics.framework; path = System/Library/Frameworks/CoreGraphics.framework; sourceTree = SDKROOT; };
		6003F591195388D20070C39A /* UIKit.framework */ = {isa = PBXFileReference; lastKnownFileType = wrapper.framework; name = UIKit.framework; path = System/Library/Frameworks/UIKit.framework; sourceTree = SDKROOT; };
		6003F595195388D20070C39A /* Sections-Info.plist */ = {isa = PBXFileReference; lastKnownFileType = text.plist.xml; path = "Sections-Info.plist"; sourceTree = "<group>"; };
		6003F597195388D20070C39A /* en */ = {isa = PBXFileReference; lastKnownFileType = text.plist.strings; name = en; path = en.lproj/InfoPlist.strings; sourceTree = "<group>"; };
		6003F599195388D20070C39A /* main.m */ = {isa = PBXFileReference; lastKnownFileType = sourcecode.c.objc; path = main.m; sourceTree = "<group>"; };
		6003F59B195388D20070C39A /* Sections-Prefix.pch */ = {isa = PBXFileReference; lastKnownFileType = sourcecode.c.h; path = "Sections-Prefix.pch"; sourceTree = "<group>"; };
		6003F59C195388D20070C39A /* STAppDelegate.h */ = {isa = PBXFileReference; lastKnownFileType = sourcecode.c.h; path = STAppDelegate.h; sourceTree = "<group>"; };
		6003F59D195388D20070C39A /* STAppDelegate.m */ = {isa = PBXFileReference; lastKnownFileType = sourcecode.c.objc; path = STAppDelegate.m; sourceTree = "<group>"; };
		6003F5A5195388D20070C39A /* STViewController.h */ = {isa = PBXFileReference; lastKnownFileType = sourcecode.c.h; path = STViewController.h; sourceTree = "<group>"; };
		6003F5A6195388D20070C39A /* STViewController.m */ = {isa = PBXFileReference; lastKnownFileType = sourcecode.c.objc; path = STViewController.m; sourceTree = "<group>"; };
		6003F5A8195388D20070C39A /* Images.xcassets */ = {isa = PBXFileReference; lastKnownFileType = folder.assetcatalog; path = Images.xcassets; sourceTree = "<group>"; };
		6003F5AE195388D20070C39A /* Sections_Tests.xctest */ = {isa = PBXFileReference; explicitFileType = wrapper.cfbundle; includeInIndex = 0; path = Sections_Tests.xctest; sourceTree = BUILT_PRODUCTS_DIR; };
		6003F5AF195388D20070C39A /* XCTest.framework */ = {isa = PBXFileReference; lastKnownFileType = wrapper.framework; name = XCTest.framework; path = Library/Frameworks/XCTest.framework; sourceTree = DEVELOPER_DIR; };
		6003F5B7195388D20070C39A /* Tests-Info.plist */ = {isa = PBXFileReference; lastKnownFileType = text.plist.xml; path = "Tests-Info.plist"; sourceTree = "<group>"; };
		6003F5B9195388D20070C39A /* en */ = {isa = PBXFileReference; lastKnownFileType = text.plist.strings; name = en; path = en.lproj/InfoPlist.strings; sourceTree = "<group>"; };
		6003F5BB195388D20070C39A /* Tests.m */ = {isa = PBXFileReference; lastKnownFileType = sourcecode.c.objc; path = Tests.m; sourceTree = "<group>"; };
		606FC2411953D9B200FFA9A0 /* Tests-Prefix.pch */ = {isa = PBXFileReference; lastKnownFileType = sourcecode.c.h; path = "Tests-Prefix.pch"; sourceTree = "<group>"; };
		71719F9E1E33DC2100824A3D /* Base */ = {isa = PBXFileReference; lastKnownFileType = file.storyboard; name = Base; path = Base.lproj/LaunchScreen.storyboard; sourceTree = "<group>"; };
		873B8AEA1B1F5CCA007FD442 /* Main.storyboard */ = {isa = PBXFileReference; fileEncoding = 4; lastKnownFileType = file.storyboard; name = Main.storyboard; path = Base.lproj/Main.storyboard; sourceTree = "<group>"; };
		897873E611E4514F74987B63 /* Pods_Sections_Example.framework */ = {isa = PBXFileReference; explicitFileType = wrapper.framework; includeInIndex = 0; path = Pods_Sections_Example.framework; sourceTree = BUILT_PRODUCTS_DIR; };
		8B895D7AE9FF3D0DF1B13D32 /* Pods-Sections_Tests.debug.xcconfig */ = {isa = PBXFileReference; includeInIndex = 1; lastKnownFileType = text.xcconfig; name = "Pods-Sections_Tests.debug.xcconfig"; path = "Pods/Target Support Files/Pods-Sections_Tests/Pods-Sections_Tests.debug.xcconfig"; sourceTree = "<group>"; };
		99E747B71E8AE4E6006B805C /* SaldoCardSectionBuilder.h */ = {isa = PBXFileReference; fileEncoding = 4; lastKnownFileType = sourcecode.c.h; path = SaldoCardSectionBuilder.h; sourceTree = "<group>"; };
		99E747B81E8AE4E6006B805C /* SaldoCardSectionBuilder.m */ = {isa = PBXFileReference; fileEncoding = 4; lastKnownFileType = sourcecode.c.objc; path = SaldoCardSectionBuilder.m; sourceTree = "<group>"; };
		99E747B91E8AE4E6006B805C /* PendenciasCardSectionBuilder.h */ = {isa = PBXFileReference; fileEncoding = 4; lastKnownFileType = sourcecode.c.h; path = PendenciasCardSectionBuilder.h; sourceTree = "<group>"; };
		99E747BA1E8AE4E6006B805C /* PendenciasCardSectionBuilder.m */ = {isa = PBXFileReference; fileEncoding = 4; lastKnownFileType = sourcecode.c.objc; path = PendenciasCardSectionBuilder.m; sourceTree = "<group>"; };
		99E747BB1E8AE4E6006B805C /* GridSectionBuilder.h */ = {isa = PBXFileReference; fileEncoding = 4; lastKnownFileType = sourcecode.c.h; path = GridSectionBuilder.h; sourceTree = "<group>"; };
		99E747BC1E8AE4E6006B805C /* GridSectionBuilder.m */ = {isa = PBXFileReference; fileEncoding = 4; lastKnownFileType = sourcecode.c.objc; path = GridSectionBuilder.m; sourceTree = "<group>"; };
		99E747C11E8AE4FE006B805C /* PendenciasCardSectionCell.h */ = {isa = PBXFileReference; fileEncoding = 4; lastKnownFileType = sourcecode.c.h; path = PendenciasCardSectionCell.h; sourceTree = "<group>"; };
		99E747C21E8AE4FE006B805C /* PendenciasCardSectionCell.m */ = {isa = PBXFileReference; fileEncoding = 4; lastKnownFileType = sourcecode.c.objc; path = PendenciasCardSectionCell.m; sourceTree = "<group>"; };
		99E747C31E8AE4FE006B805C /* SaldoCardSectionCell.h */ = {isa = PBXFileReference; fileEncoding = 4; lastKnownFileType = sourcecode.c.h; path = SaldoCardSectionCell.h; sourceTree = "<group>"; };
		99E747C41E8AE4FE006B805C /* SaldoCardSectionCell.m */ = {isa = PBXFileReference; fileEncoding = 4; lastKnownFileType = sourcecode.c.objc; path = SaldoCardSectionCell.m; sourceTree = "<group>"; };
		99E747C51E8AE4FE006B805C /* SaldoExpandedCardSectionCell.h */ = {isa = PBXFileReference; fileEncoding = 4; lastKnownFileType = sourcecode.c.h; path = SaldoExpandedCardSectionCell.h; sourceTree = "<group>"; };
		99E747C61E8AE4FE006B805C /* SaldoExpandedCardSectionCell.m */ = {isa = PBXFileReference; fileEncoding = 4; lastKnownFileType = sourcecode.c.objc; path = SaldoExpandedCardSectionCell.m; sourceTree = "<group>"; };
		99E747CB1E8AE52C006B805C /* PriceCellBuilder.h */ = {isa = PBXFileReference; fileEncoding = 4; lastKnownFileType = sourcecode.c.h; path = PriceCellBuilder.h; sourceTree = "<group>"; };
		99E747CC1E8AE52C006B805C /* PriceCellBuilder.m */ = {isa = PBXFileReference; fileEncoding = 4; lastKnownFileType = sourcecode.c.objc; path = PriceCellBuilder.m; sourceTree = "<group>"; };
		99E747CD1E8AE52C006B805C /* WhiteSpaceCellBuilder.h */ = {isa = PBXFileReference; fileEncoding = 4; lastKnownFileType = sourcecode.c.h; path = WhiteSpaceCellBuilder.h; sourceTree = "<group>"; };
		99E747CE1E8AE52C006B805C /* WhiteSpaceCellBuilder.m */ = {isa = PBXFileReference; fileEncoding = 4; lastKnownFileType = sourcecode.c.objc; path = WhiteSpaceCellBuilder.m; sourceTree = "<group>"; };
		99E747CF1E8AE52C006B805C /* SaldoCellBuilder.h */ = {isa = PBXFileReference; fileEncoding = 4; lastKnownFileType = sourcecode.c.h; path = SaldoCellBuilder.h; sourceTree = "<group>"; };
		99E747D01E8AE52C006B805C /* SaldoCellBuilder.m */ = {isa = PBXFileReference; fileEncoding = 4; lastKnownFileType = sourcecode.c.objc; path = SaldoCellBuilder.m; sourceTree = "<group>"; };
		99E747D11E8AE52C006B805C /* ActionsCellBuilder.h */ = {isa = PBXFileReference; fileEncoding = 4; lastKnownFileType = sourcecode.c.h; path = ActionsCellBuilder.h; sourceTree = "<group>"; };
		99E747D21E8AE52C006B805C /* ActionsCellBuilder.m */ = {isa = PBXFileReference; fileEncoding = 4; lastKnownFileType = sourcecode.c.objc; path = ActionsCellBuilder.m; sourceTree = "<group>"; };
		99E747D31E8AE52C006B805C /* LISCellBuilder.h */ = {isa = PBXFileReference; fileEncoding = 4; lastKnownFileType = sourcecode.c.h; path = LISCellBuilder.h; sourceTree = "<group>"; };
		99E747D41E8AE52C006B805C /* LISCellBuilder.m */ = {isa = PBXFileReference; fileEncoding = 4; lastKnownFileType = sourcecode.c.objc; path = LISCellBuilder.m; sourceTree = "<group>"; };
		99E747D51E8AE52C006B805C /* LISUtilizadoBuilder.h */ = {isa = PBXFileReference; fileEncoding = 4; lastKnownFileType = sourcecode.c.h; path = LISUtilizadoBuilder.h; sourceTree = "<group>"; };
		99E747D61E8AE52C006B805C /* LISUtilizadoBuilder.m */ = {isa = PBXFileReference; fileEncoding = 4; lastKnownFileType = sourcecode.c.objc; path = LISUtilizadoBuilder.m; sourceTree = "<group>"; };
		99E747D71E8AE52C006B805C /* SaldoLISBuilder.h */ = {isa = PBXFileReference; fileEncoding = 4; lastKnownFileType = sourcecode.c.h; path = SaldoLISBuilder.h; sourceTree = "<group>"; };
		99E747D81E8AE52C006B805C /* SaldoLISBuilder.m */ = {isa = PBXFileReference; fileEncoding = 4; lastKnownFileType = sourcecode.c.objc; path = SaldoLISBuilder.m; sourceTree = "<group>"; };
		99E747D91E8AE52C006B805C /* PendenciasCellBuilder.h */ = {isa = PBXFileReference; fileEncoding = 4; lastKnownFileType = sourcecode.c.h; path = PendenciasCellBuilder.h; sourceTree = "<group>"; };
		99E747DA1E8AE52C006B805C /* PendenciasCellBuilder.m */ = {isa = PBXFileReference; fileEncoding = 4; lastKnownFileType = sourcecode.c.objc; path = PendenciasCellBuilder.m; sourceTree = "<group>"; };
		99E747E41E8AE54F006B805C /* SaldoCell.h */ = {isa = PBXFileReference; fileEncoding = 4; lastKnownFileType = sourcecode.c.h; path = SaldoCell.h; sourceTree = "<group>"; };
		99E747E51E8AE54F006B805C /* SaldoCell.m */ = {isa = PBXFileReference; fileEncoding = 4; lastKnownFileType = sourcecode.c.objc; path = SaldoCell.m; sourceTree = "<group>"; };
		99E747E61E8AE54F006B805C /* SaldoCell.xib */ = {isa = PBXFileReference; fileEncoding = 4; lastKnownFileType = file.xib; path = SaldoCell.xib; sourceTree = "<group>"; };
		99E747E71E8AE54F006B805C /* PriceCell.h */ = {isa = PBXFileReference; fileEncoding = 4; lastKnownFileType = sourcecode.c.h; path = PriceCell.h; sourceTree = "<group>"; };
		99E747E81E8AE54F006B805C /* PriceCell.m */ = {isa = PBXFileReference; fileEncoding = 4; lastKnownFileType = sourcecode.c.objc; path = PriceCell.m; sourceTree = "<group>"; };
		99E747E91E8AE54F006B805C /* PriceCell.xib */ = {isa = PBXFileReference; fileEncoding = 4; lastKnownFileType = file.xib; path = PriceCell.xib; sourceTree = "<group>"; };
		99E747EA1E8AE54F006B805C /* WhiteSpaceCell.h */ = {isa = PBXFileReference; fileEncoding = 4; lastKnownFileType = sourcecode.c.h; path = WhiteSpaceCell.h; sourceTree = "<group>"; };
		99E747EB1E8AE54F006B805C /* WhiteSpaceCell.m */ = {isa = PBXFileReference; fileEncoding = 4; lastKnownFileType = sourcecode.c.objc; path = WhiteSpaceCell.m; sourceTree = "<group>"; };
		99E747EC1E8AE54F006B805C /* WhiteSpaceCell.xib */ = {isa = PBXFileReference; fileEncoding = 4; lastKnownFileType = file.xib; path = WhiteSpaceCell.xib; sourceTree = "<group>"; };
		99E747ED1E8AE54F006B805C /* ActionsCell.h */ = {isa = PBXFileReference; fileEncoding = 4; lastKnownFileType = sourcecode.c.h; path = ActionsCell.h; sourceTree = "<group>"; };
		99E747EE1E8AE54F006B805C /* ActionsCell.m */ = {isa = PBXFileReference; fileEncoding = 4; lastKnownFileType = sourcecode.c.objc; path = ActionsCell.m; sourceTree = "<group>"; };
		99E747EF1E8AE54F006B805C /* ActionsCell.xib */ = {isa = PBXFileReference; fileEncoding = 4; lastKnownFileType = file.xib; path = ActionsCell.xib; sourceTree = "<group>"; };
		99E747F01E8AE54F006B805C /* LISCell.h */ = {isa = PBXFileReference; fileEncoding = 4; lastKnownFileType = sourcecode.c.h; path = LISCell.h; sourceTree = "<group>"; };
		99E747F11E8AE54F006B805C /* LISCell.m */ = {isa = PBXFileReference; fileEncoding = 4; lastKnownFileType = sourcecode.c.objc; path = LISCell.m; sourceTree = "<group>"; };
		99E747F21E8AE54F006B805C /* LISCell.xib */ = {isa = PBXFileReference; fileEncoding = 4; lastKnownFileType = file.xib; path = LISCell.xib; sourceTree = "<group>"; };
		99E747F31E8AE54F006B805C /* SaldoLISCell.h */ = {isa = PBXFileReference; fileEncoding = 4; lastKnownFileType = sourcecode.c.h; path = SaldoLISCell.h; sourceTree = "<group>"; };
		99E747F41E8AE54F006B805C /* SaldoLISCell.m */ = {isa = PBXFileReference; fileEncoding = 4; lastKnownFileType = sourcecode.c.objc; path = SaldoLISCell.m; sourceTree = "<group>"; };
		99E747F51E8AE54F006B805C /* SaldoLISCell.xib */ = {isa = PBXFileReference; fileEncoding = 4; lastKnownFileType = file.xib; path = SaldoLISCell.xib; sourceTree = "<group>"; };
		99E747F61E8AE54F006B805C /* LISUtilizadoCell.h */ = {isa = PBXFileReference; fileEncoding = 4; lastKnownFileType = sourcecode.c.h; path = LISUtilizadoCell.h; sourceTree = "<group>"; };
		99E747F71E8AE54F006B805C /* LISUtilizadoCell.m */ = {isa = PBXFileReference; fileEncoding = 4; lastKnownFileType = sourcecode.c.objc; path = LISUtilizadoCell.m; sourceTree = "<group>"; };
		99E747F81E8AE54F006B805C /* LISUtilizadoCell.xib */ = {isa = PBXFileReference; fileEncoding = 4; lastKnownFileType = file.xib; path = LISUtilizadoCell.xib; sourceTree = "<group>"; };
		99E747F91E8AE54F006B805C /* PendenciasCell.h */ = {isa = PBXFileReference; fileEncoding = 4; lastKnownFileType = sourcecode.c.h; path = PendenciasCell.h; sourceTree = "<group>"; };
		99E747FA1E8AE54F006B805C /* PendenciasCell.m */ = {isa = PBXFileReference; fileEncoding = 4; lastKnownFileType = sourcecode.c.objc; path = PendenciasCell.m; sourceTree = "<group>"; };
		99E747FB1E8AE54F006B805C /* PendenciasCell.xib */ = {isa = PBXFileReference; fileEncoding = 4; lastKnownFileType = file.xib; path = PendenciasCell.xib; sourceTree = "<group>"; };
		99E747FC1E8AE54F006B805C /* FeedbackCell.h */ = {isa = PBXFileReference; fileEncoding = 4; lastKnownFileType = sourcecode.c.h; path = FeedbackCell.h; sourceTree = "<group>"; };
		99E747FD1E8AE54F006B805C /* FeedbackCell.m */ = {isa = PBXFileReference; fileEncoding = 4; lastKnownFileType = sourcecode.c.objc; path = FeedbackCell.m; sourceTree = "<group>"; };
		99E747FE1E8AE54F006B805C /* FeedbackCell.xib */ = {isa = PBXFileReference; fileEncoding = 4; lastKnownFileType = file.xib; path = FeedbackCell.xib; sourceTree = "<group>"; };
		99E747FF1E8AE54F006B805C /* CollectionViewReusableHeader.h */ = {isa = PBXFileReference; fileEncoding = 4; lastKnownFileType = sourcecode.c.h; path = CollectionViewReusableHeader.h; sourceTree = "<group>"; };
		99E748001E8AE54F006B805C /* CollectionViewReusableHeader.m */ = {isa = PBXFileReference; fileEncoding = 4; lastKnownFileType = sourcecode.c.objc; path = CollectionViewReusableHeader.m; sourceTree = "<group>"; };
		99E748011E8AE54F006B805C /* CollectionViewReusableHeader.xib */ = {isa = PBXFileReference; fileEncoding = 4; lastKnownFileType = file.xib; path = CollectionViewReusableHeader.xib; sourceTree = "<group>"; };
		99E748171E8AE57E006B805C /* GridSectionImpl.h */ = {isa = PBXFileReference; fileEncoding = 4; lastKnownFileType = sourcecode.c.h; path = GridSectionImpl.h; sourceTree = "<group>"; };
		99E748181E8AE57E006B805C /* GridSectionImpl.m */ = {isa = PBXFileReference; fileEncoding = 4; lastKnownFileType = sourcecode.c.objc; path = GridSectionImpl.m; sourceTree = "<group>"; };
		99E7481A1E8AE586006B805C /* CardSectionImpl.h */ = {isa = PBXFileReference; fileEncoding = 4; lastKnownFileType = sourcecode.c.h; path = CardSectionImpl.h; sourceTree = "<group>"; };
		99E7481B1E8AE586006B805C /* CardSectionImpl.m */ = {isa = PBXFileReference; fileEncoding = 4; lastKnownFileType = sourcecode.c.objc; path = CardSectionImpl.m; sourceTree = "<group>"; };
		99E7481D1E8AE595006B805C /* GridCollectionViewCell.h */ = {isa = PBXFileReference; fileEncoding = 4; lastKnownFileType = sourcecode.c.h; path = GridCollectionViewCell.h; sourceTree = "<group>"; };
		99E7481E1E8AE595006B805C /* GridCollectionViewCell.m */ = {isa = PBXFileReference; fileEncoding = 4; lastKnownFileType = sourcecode.c.objc; path = GridCollectionViewCell.m; sourceTree = "<group>"; };
		99E7481F1E8AE595006B805C /* GridCollectionViewCell.xib */ = {isa = PBXFileReference; fileEncoding = 4; lastKnownFileType = file.xib; path = GridCollectionViewCell.xib; sourceTree = "<group>"; };
		99E748231E8AE5A7006B805C /* CardsDatasource.h */ = {isa = PBXFileReference; fileEncoding = 4; lastKnownFileType = sourcecode.c.h; path = CardsDatasource.h; sourceTree = "<group>"; };
		99E748241E8AE5A7006B805C /* CardsDatasource.m */ = {isa = PBXFileReference; fileEncoding = 4; lastKnownFileType = sourcecode.c.objc; path = CardsDatasource.m; sourceTree = "<group>"; };
		9D212FE799B5D3DBCF048E9C /* Pods-Sections_Example.debug.xcconfig */ = {isa = PBXFileReference; includeInIndex = 1; lastKnownFileType = text.xcconfig; name = "Pods-Sections_Example.debug.xcconfig"; path = "Pods/Target Support Files/Pods-Sections_Example/Pods-Sections_Example.debug.xcconfig"; sourceTree = "<group>"; };
		9FBD0A7315D53EB3DA845025 /* Sections.podspec */ = {isa = PBXFileReference; includeInIndex = 1; lastKnownFileType = text; name = Sections.podspec; path = ../Sections.podspec; sourceTree = "<group>"; };
		C145D30C11C5BAA500555BBC /* Pods-Sections_Example.release.xcconfig */ = {isa = PBXFileReference; includeInIndex = 1; lastKnownFileType = text.xcconfig; name = "Pods-Sections_Example.release.xcconfig"; path = "Pods/Target Support Files/Pods-Sections_Example/Pods-Sections_Example.release.xcconfig"; sourceTree = "<group>"; };
		D1E0282F73BCF0A5B0E56E85 /* README.md */ = {isa = PBXFileReference; includeInIndex = 1; lastKnownFileType = net.daringfireball.markdown; name = README.md; path = ../README.md; sourceTree = "<group>"; };
/* End PBXFileReference section */

/* Begin PBXFrameworksBuildPhase section */
		6003F587195388D20070C39A /* Frameworks */ = {
			isa = PBXFrameworksBuildPhase;
			buildActionMask = 2147483647;
			files = (
				6003F590195388D20070C39A /* CoreGraphics.framework in Frameworks */,
				6003F592195388D20070C39A /* UIKit.framework in Frameworks */,
				6003F58E195388D20070C39A /* Foundation.framework in Frameworks */,
				56F48B73F5C99E0B955FC3FE /* Pods_Sections_Example.framework in Frameworks */,
			);
			runOnlyForDeploymentPostprocessing = 0;
		};
		6003F5AB195388D20070C39A /* Frameworks */ = {
			isa = PBXFrameworksBuildPhase;
			buildActionMask = 2147483647;
			files = (
				6003F5B0195388D20070C39A /* XCTest.framework in Frameworks */,
				6003F5B2195388D20070C39A /* UIKit.framework in Frameworks */,
				6003F5B1195388D20070C39A /* Foundation.framework in Frameworks */,
				F7AF8C920926035A6F3C562B /* Pods_Sections_Tests.framework in Frameworks */,
			);
			runOnlyForDeploymentPostprocessing = 0;
		};
/* End PBXFrameworksBuildPhase section */

/* Begin PBXGroup section */
		299619BDC45CEAE8FF6CE6FB /* Pods */ = {
			isa = PBXGroup;
			children = (
				9D212FE799B5D3DBCF048E9C /* Pods-Sections_Example.debug.xcconfig */,
				C145D30C11C5BAA500555BBC /* Pods-Sections_Example.release.xcconfig */,
				8B895D7AE9FF3D0DF1B13D32 /* Pods-Sections_Tests.debug.xcconfig */,
				2B33AA5B160E7764BA5BC0BB /* Pods-Sections_Tests.release.xcconfig */,
			);
			name = Pods;
			sourceTree = "<group>";
		};
		6003F581195388D10070C39A = {
			isa = PBXGroup;
			children = (
				60FF7A9C1954A5C5007DD14C /* Podspec Metadata */,
				6003F593195388D20070C39A /* Example for Sections */,
				6003F5B5195388D20070C39A /* Tests */,
				6003F58C195388D20070C39A /* Frameworks */,
				6003F58B195388D20070C39A /* Products */,
				299619BDC45CEAE8FF6CE6FB /* Pods */,
			);
			sourceTree = "<group>";
		};
		6003F58B195388D20070C39A /* Products */ = {
			isa = PBXGroup;
			children = (
				6003F58A195388D20070C39A /* Sections_Example.app */,
				6003F5AE195388D20070C39A /* Sections_Tests.xctest */,
			);
			name = Products;
			sourceTree = "<group>";
		};
		6003F58C195388D20070C39A /* Frameworks */ = {
			isa = PBXGroup;
			children = (
				6003F58D195388D20070C39A /* Foundation.framework */,
				6003F58F195388D20070C39A /* CoreGraphics.framework */,
				6003F591195388D20070C39A /* UIKit.framework */,
				6003F5AF195388D20070C39A /* XCTest.framework */,
				897873E611E4514F74987B63 /* Pods_Sections_Example.framework */,
				44180B463435749A4A062E5D /* Pods_Sections_Tests.framework */,
			);
			name = Frameworks;
			sourceTree = "<group>";
		};
		6003F593195388D20070C39A /* Example for Sections */ = {
			isa = PBXGroup;
			children = (
				99E748221E8AE59E006B805C /* Datasource */,
				99E748161E8AE56F006B805C /* SectionImplementations */,
				99E747E31E8AE540006B805C /* Cells */,
				99E747CA1E8AE51B006B805C /* CellBuilders */,
				99E747C01E8AE4EF006B805C /* SectionCells */,
				99E747B61E8AE4D9006B805C /* SectionBuilders */,
				99E747B51E8AE4BE006B805C /* UI */,
				6003F59C195388D20070C39A /* STAppDelegate.h */,
				6003F59D195388D20070C39A /* STAppDelegate.m */,
				873B8AEA1B1F5CCA007FD442 /* Main.storyboard */,
				6003F5A5195388D20070C39A /* STViewController.h */,
				6003F5A6195388D20070C39A /* STViewController.m */,
				71719F9D1E33DC2100824A3D /* LaunchScreen.storyboard */,
				6003F5A8195388D20070C39A /* Images.xcassets */,
				6003F594195388D20070C39A /* Supporting Files */,
			);
			name = "Example for Sections";
			path = Sections;
			sourceTree = "<group>";
		};
		6003F594195388D20070C39A /* Supporting Files */ = {
			isa = PBXGroup;
			children = (
				6003F595195388D20070C39A /* Sections-Info.plist */,
				6003F596195388D20070C39A /* InfoPlist.strings */,
				6003F599195388D20070C39A /* main.m */,
				6003F59B195388D20070C39A /* Sections-Prefix.pch */,
			);
			name = "Supporting Files";
			sourceTree = "<group>";
		};
		6003F5B5195388D20070C39A /* Tests */ = {
			isa = PBXGroup;
			children = (
				6003F5BB195388D20070C39A /* Tests.m */,
				6003F5B6195388D20070C39A /* Supporting Files */,
			);
			path = Tests;
			sourceTree = "<group>";
		};
		6003F5B6195388D20070C39A /* Supporting Files */ = {
			isa = PBXGroup;
			children = (
				6003F5B7195388D20070C39A /* Tests-Info.plist */,
				6003F5B8195388D20070C39A /* InfoPlist.strings */,
				606FC2411953D9B200FFA9A0 /* Tests-Prefix.pch */,
			);
			name = "Supporting Files";
			sourceTree = "<group>";
		};
		60FF7A9C1954A5C5007DD14C /* Podspec Metadata */ = {
			isa = PBXGroup;
			children = (
				9FBD0A7315D53EB3DA845025 /* Sections.podspec */,
				D1E0282F73BCF0A5B0E56E85 /* README.md */,
				002F5B5B4B097B3BA0798CE5 /* LICENSE */,
			);
			name = "Podspec Metadata";
			sourceTree = "<group>";
		};
		99E747B51E8AE4BE006B805C /* UI */ = {
			isa = PBXGroup;
			children = (
			);
			name = UI;
			sourceTree = "<group>";
		};
		99E747B61E8AE4D9006B805C /* SectionBuilders */ = {
			isa = PBXGroup;
			children = (
				99E747B71E8AE4E6006B805C /* SaldoCardSectionBuilder.h */,
				99E747B81E8AE4E6006B805C /* SaldoCardSectionBuilder.m */,
				99E747B91E8AE4E6006B805C /* PendenciasCardSectionBuilder.h */,
				99E747BA1E8AE4E6006B805C /* PendenciasCardSectionBuilder.m */,
				99E747BB1E8AE4E6006B805C /* GridSectionBuilder.h */,
				99E747BC1E8AE4E6006B805C /* GridSectionBuilder.m */,
			);
			name = SectionBuilders;
			sourceTree = "<group>";
		};
		99E747C01E8AE4EF006B805C /* SectionCells */ = {
			isa = PBXGroup;
			children = (
				99E747C11E8AE4FE006B805C /* PendenciasCardSectionCell.h */,
				99E747C21E8AE4FE006B805C /* PendenciasCardSectionCell.m */,
				99E747C31E8AE4FE006B805C /* SaldoCardSectionCell.h */,
				99E747C41E8AE4FE006B805C /* SaldoCardSectionCell.m */,
				99E747C51E8AE4FE006B805C /* SaldoExpandedCardSectionCell.h */,
				99E747C61E8AE4FE006B805C /* SaldoExpandedCardSectionCell.m */,
			);
			name = SectionCells;
			sourceTree = "<group>";
		};
		99E747CA1E8AE51B006B805C /* CellBuilders */ = {
			isa = PBXGroup;
			children = (
				99E747CB1E8AE52C006B805C /* PriceCellBuilder.h */,
				99E747CC1E8AE52C006B805C /* PriceCellBuilder.m */,
				99E747CD1E8AE52C006B805C /* WhiteSpaceCellBuilder.h */,
				99E747CE1E8AE52C006B805C /* WhiteSpaceCellBuilder.m */,
				99E747CF1E8AE52C006B805C /* SaldoCellBuilder.h */,
				99E747D01E8AE52C006B805C /* SaldoCellBuilder.m */,
				99E747D11E8AE52C006B805C /* ActionsCellBuilder.h */,
				99E747D21E8AE52C006B805C /* ActionsCellBuilder.m */,
				99E747D31E8AE52C006B805C /* LISCellBuilder.h */,
				99E747D41E8AE52C006B805C /* LISCellBuilder.m */,
				99E747D51E8AE52C006B805C /* LISUtilizadoBuilder.h */,
				99E747D61E8AE52C006B805C /* LISUtilizadoBuilder.m */,
				99E747D71E8AE52C006B805C /* SaldoLISBuilder.h */,
				99E747D81E8AE52C006B805C /* SaldoLISBuilder.m */,
				99E747D91E8AE52C006B805C /* PendenciasCellBuilder.h */,
				99E747DA1E8AE52C006B805C /* PendenciasCellBuilder.m */,
			);
			name = CellBuilders;
			sourceTree = "<group>";
		};
		99E747E31E8AE540006B805C /* Cells */ = {
			isa = PBXGroup;
			children = (
				99E7481D1E8AE595006B805C /* GridCollectionViewCell.h */,
				99E7481E1E8AE595006B805C /* GridCollectionViewCell.m */,
				99E7481F1E8AE595006B805C /* GridCollectionViewCell.xib */,
				99E747E41E8AE54F006B805C /* SaldoCell.h */,
				99E747E51E8AE54F006B805C /* SaldoCell.m */,
				99E747E61E8AE54F006B805C /* SaldoCell.xib */,
				99E747E71E8AE54F006B805C /* PriceCell.h */,
				99E747E81E8AE54F006B805C /* PriceCell.m */,
				99E747E91E8AE54F006B805C /* PriceCell.xib */,
				99E747EA1E8AE54F006B805C /* WhiteSpaceCell.h */,
				99E747EB1E8AE54F006B805C /* WhiteSpaceCell.m */,
				99E747EC1E8AE54F006B805C /* WhiteSpaceCell.xib */,
				99E747ED1E8AE54F006B805C /* ActionsCell.h */,
				99E747EE1E8AE54F006B805C /* ActionsCell.m */,
				99E747EF1E8AE54F006B805C /* ActionsCell.xib */,
				99E747F01E8AE54F006B805C /* LISCell.h */,
				99E747F11E8AE54F006B805C /* LISCell.m */,
				99E747F21E8AE54F006B805C /* LISCell.xib */,
				99E747F31E8AE54F006B805C /* SaldoLISCell.h */,
				99E747F41E8AE54F006B805C /* SaldoLISCell.m */,
				99E747F51E8AE54F006B805C /* SaldoLISCell.xib */,
				99E747F61E8AE54F006B805C /* LISUtilizadoCell.h */,
				99E747F71E8AE54F006B805C /* LISUtilizadoCell.m */,
				99E747F81E8AE54F006B805C /* LISUtilizadoCell.xib */,
				99E747F91E8AE54F006B805C /* PendenciasCell.h */,
				99E747FA1E8AE54F006B805C /* PendenciasCell.m */,
				99E747FB1E8AE54F006B805C /* PendenciasCell.xib */,
				99E747FC1E8AE54F006B805C /* FeedbackCell.h */,
				99E747FD1E8AE54F006B805C /* FeedbackCell.m */,
				99E747FE1E8AE54F006B805C /* FeedbackCell.xib */,
				99E747FF1E8AE54F006B805C /* CollectionViewReusableHeader.h */,
				99E748001E8AE54F006B805C /* CollectionViewReusableHeader.m */,
				99E748011E8AE54F006B805C /* CollectionViewReusableHeader.xib */,
			);
			name = Cells;
			sourceTree = "<group>";
		};
		99E748161E8AE56F006B805C /* SectionImplementations */ = {
			isa = PBXGroup;
			children = (
				99E7481A1E8AE586006B805C /* CardSectionImpl.h */,
				99E7481B1E8AE586006B805C /* CardSectionImpl.m */,
				99E748171E8AE57E006B805C /* GridSectionImpl.h */,
				99E748181E8AE57E006B805C /* GridSectionImpl.m */,
			);
			name = SectionImplementations;
			sourceTree = "<group>";
		};
		99E748221E8AE59E006B805C /* Datasource */ = {
			isa = PBXGroup;
			children = (
				99E748231E8AE5A7006B805C /* CardsDatasource.h */,
				99E748241E8AE5A7006B805C /* CardsDatasource.m */,
			);
			name = Datasource;
			sourceTree = "<group>";
		};
/* End PBXGroup section */

/* Begin PBXNativeTarget section */
		6003F589195388D20070C39A /* Sections_Example */ = {
			isa = PBXNativeTarget;
			buildConfigurationList = 6003F5BF195388D20070C39A /* Build configuration list for PBXNativeTarget "Sections_Example" */;
			buildPhases = (
				F8DAA05DE80D8F7399115E5B /* [CP] Check Pods Manifest.lock */,
				6003F586195388D20070C39A /* Sources */,
				6003F587195388D20070C39A /* Frameworks */,
				6003F588195388D20070C39A /* Resources */,
				C94BF37EBAB69CE57F2BEDDB /* [CP] Embed Pods Frameworks */,
				ADBFBD78C6A4FABBCED5459B /* [CP] Copy Pods Resources */,
			);
			buildRules = (
			);
			dependencies = (
			);
			name = Sections_Example;
			productName = Sections;
			productReference = 6003F58A195388D20070C39A /* Sections_Example.app */;
			productType = "com.apple.product-type.application";
		};
		6003F5AD195388D20070C39A /* Sections_Tests */ = {
			isa = PBXNativeTarget;
			buildConfigurationList = 6003F5C2195388D20070C39A /* Build configuration list for PBXNativeTarget "Sections_Tests" */;
			buildPhases = (
				9474C451BDC63851ACDE1FC8 /* [CP] Check Pods Manifest.lock */,
				6003F5AA195388D20070C39A /* Sources */,
				6003F5AB195388D20070C39A /* Frameworks */,
				6003F5AC195388D20070C39A /* Resources */,
				AF3D765462AD79FCC8CE7B57 /* [CP] Embed Pods Frameworks */,
				881CD2A96B9F54F20586A807 /* [CP] Copy Pods Resources */,
			);
			buildRules = (
			);
			dependencies = (
				6003F5B4195388D20070C39A /* PBXTargetDependency */,
			);
			name = Sections_Tests;
			productName = SectionsTests;
			productReference = 6003F5AE195388D20070C39A /* Sections_Tests.xctest */;
			productType = "com.apple.product-type.bundle.unit-test";
		};
/* End PBXNativeTarget section */

/* Begin PBXProject section */
		6003F582195388D10070C39A /* Project object */ = {
			isa = PBXProject;
			attributes = {
				CLASSPREFIX = ST;
				LastUpgradeCheck = 0720;
				ORGANIZATIONNAME = thiagolioy;
				TargetAttributes = {
					6003F5AD195388D20070C39A = {
						TestTargetID = 6003F589195388D20070C39A;
					};
				};
			};
			buildConfigurationList = 6003F585195388D10070C39A /* Build configuration list for PBXProject "Sections" */;
			compatibilityVersion = "Xcode 3.2";
			developmentRegion = English;
			hasScannedForEncodings = 0;
			knownRegions = (
				en,
				Base,
			);
			mainGroup = 6003F581195388D10070C39A;
			productRefGroup = 6003F58B195388D20070C39A /* Products */;
			projectDirPath = "";
			projectRoot = "";
			targets = (
				6003F589195388D20070C39A /* Sections_Example */,
				6003F5AD195388D20070C39A /* Sections_Tests */,
			);
		};
/* End PBXProject section */

/* Begin PBXResourcesBuildPhase section */
		6003F588195388D20070C39A /* Resources */ = {
			isa = PBXResourcesBuildPhase;
			buildActionMask = 2147483647;
			files = (
				873B8AEB1B1F5CCA007FD442 /* Main.storyboard in Resources */,
				99E748131E8AE54F006B805C /* FeedbackCell.xib in Resources */,
				99E748151E8AE54F006B805C /* CollectionViewReusableHeader.xib in Resources */,
				99E748211E8AE595006B805C /* GridCollectionViewCell.xib in Resources */,
				99E7480B1E8AE54F006B805C /* LISCell.xib in Resources */,
				99E7480F1E8AE54F006B805C /* LISUtilizadoCell.xib in Resources */,
				99E748091E8AE54F006B805C /* ActionsCell.xib in Resources */,
				99E748031E8AE54F006B805C /* SaldoCell.xib in Resources */,
				71719F9F1E33DC2100824A3D /* LaunchScreen.storyboard in Resources */,
				6003F5A9195388D20070C39A /* Images.xcassets in Resources */,
				99E7480D1E8AE54F006B805C /* SaldoLISCell.xib in Resources */,
				99E748071E8AE54F006B805C /* WhiteSpaceCell.xib in Resources */,
				99E748111E8AE54F006B805C /* PendenciasCell.xib in Resources */,
				6003F598195388D20070C39A /* InfoPlist.strings in Resources */,
				99E748051E8AE54F006B805C /* PriceCell.xib in Resources */,
			);
			runOnlyForDeploymentPostprocessing = 0;
		};
		6003F5AC195388D20070C39A /* Resources */ = {
			isa = PBXResourcesBuildPhase;
			buildActionMask = 2147483647;
			files = (
				6003F5BA195388D20070C39A /* InfoPlist.strings in Resources */,
			);
			runOnlyForDeploymentPostprocessing = 0;
		};
/* End PBXResourcesBuildPhase section */

/* Begin PBXShellScriptBuildPhase section */
		881CD2A96B9F54F20586A807 /* [CP] Copy Pods Resources */ = {
			isa = PBXShellScriptBuildPhase;
			buildActionMask = 2147483647;
			files = (
			);
			inputPaths = (
			);
			name = "[CP] Copy Pods Resources";
			outputPaths = (
			);
			runOnlyForDeploymentPostprocessing = 0;
			shellPath = /bin/sh;
			shellScript = "\"${SRCROOT}/Pods/Target Support Files/Pods-Sections_Tests/Pods-Sections_Tests-resources.sh\"\n";
			showEnvVarsInLog = 0;
		};
		9474C451BDC63851ACDE1FC8 /* [CP] Check Pods Manifest.lock */ = {
			isa = PBXShellScriptBuildPhase;
			buildActionMask = 2147483647;
			files = (
			);
			inputPaths = (
			);
			name = "[CP] Check Pods Manifest.lock";
			outputPaths = (
			);
			runOnlyForDeploymentPostprocessing = 0;
			shellPath = /bin/sh;
			shellScript = "diff \"${PODS_ROOT}/../Podfile.lock\" \"${PODS_ROOT}/Manifest.lock\" > /dev/null\nif [ $? != 0 ] ; then\n    # print error to STDERR\n    echo \"error: The sandbox is not in sync with the Podfile.lock. Run 'pod install' or update your CocoaPods installation.\" >&2\n    exit 1\nfi\n";
			showEnvVarsInLog = 0;
		};
		ADBFBD78C6A4FABBCED5459B /* [CP] Copy Pods Resources */ = {
			isa = PBXShellScriptBuildPhase;
			buildActionMask = 2147483647;
			files = (
			);
			inputPaths = (
			);
			name = "[CP] Copy Pods Resources";
			outputPaths = (
			);
			runOnlyForDeploymentPostprocessing = 0;
			shellPath = /bin/sh;
			shellScript = "\"${SRCROOT}/Pods/Target Support Files/Pods-Sections_Example/Pods-Sections_Example-resources.sh\"\n";
			showEnvVarsInLog = 0;
		};
		AF3D765462AD79FCC8CE7B57 /* [CP] Embed Pods Frameworks */ = {
			isa = PBXShellScriptBuildPhase;
			buildActionMask = 2147483647;
			files = (
			);
			inputPaths = (
			);
			name = "[CP] Embed Pods Frameworks";
			outputPaths = (
			);
			runOnlyForDeploymentPostprocessing = 0;
			shellPath = /bin/sh;
			shellScript = "\"${SRCROOT}/Pods/Target Support Files/Pods-Sections_Tests/Pods-Sections_Tests-frameworks.sh\"\n";
			showEnvVarsInLog = 0;
		};
		C94BF37EBAB69CE57F2BEDDB /* [CP] Embed Pods Frameworks */ = {
			isa = PBXShellScriptBuildPhase;
			buildActionMask = 2147483647;
			files = (
			);
			inputPaths = (
			);
			name = "[CP] Embed Pods Frameworks";
			outputPaths = (
			);
			runOnlyForDeploymentPostprocessing = 0;
			shellPath = /bin/sh;
			shellScript = "\"${SRCROOT}/Pods/Target Support Files/Pods-Sections_Example/Pods-Sections_Example-frameworks.sh\"\n";
			showEnvVarsInLog = 0;
		};
		F8DAA05DE80D8F7399115E5B /* [CP] Check Pods Manifest.lock */ = {
			isa = PBXShellScriptBuildPhase;
			buildActionMask = 2147483647;
			files = (
			);
			inputPaths = (
			);
			name = "[CP] Check Pods Manifest.lock";
			outputPaths = (
			);
			runOnlyForDeploymentPostprocessing = 0;
			shellPath = /bin/sh;
			shellScript = "diff \"${PODS_ROOT}/../Podfile.lock\" \"${PODS_ROOT}/Manifest.lock\" > /dev/null\nif [ $? != 0 ] ; then\n    # print error to STDERR\n    echo \"error: The sandbox is not in sync with the Podfile.lock. Run 'pod install' or update your CocoaPods installation.\" >&2\n    exit 1\nfi\n";
			showEnvVarsInLog = 0;
		};
/* End PBXShellScriptBuildPhase section */

/* Begin PBXSourcesBuildPhase section */
		6003F586195388D20070C39A /* Sources */ = {
			isa = PBXSourcesBuildPhase;
			buildActionMask = 2147483647;
			files = (
				6003F59E195388D20070C39A /* STAppDelegate.m in Sources */,
				99E747DB1E8AE52C006B805C /* PriceCellBuilder.m in Sources */,
				99E747BD1E8AE4E6006B805C /* SaldoCardSectionBuilder.m in Sources */,
				99E747C71E8AE4FE006B805C /* PendenciasCardSectionCell.m in Sources */,
				99E747DC1E8AE52C006B805C /* WhiteSpaceCellBuilder.m in Sources */,
				99E748191E8AE57E006B805C /* GridSectionImpl.m in Sources */,
				99E747C81E8AE4FE006B805C /* SaldoCardSectionCell.m in Sources */,
				99E748041E8AE54F006B805C /* PriceCell.m in Sources */,
				99E747BE1E8AE4E6006B805C /* PendenciasCardSectionBuilder.m in Sources */,
				99E7480A1E8AE54F006B805C /* LISCell.m in Sources */,
				99E748141E8AE54F006B805C /* CollectionViewReusableHeader.m in Sources */,
				99E748061E8AE54F006B805C /* WhiteSpaceCell.m in Sources */,
				99E7480E1E8AE54F006B805C /* LISUtilizadoCell.m in Sources */,
				99E7481C1E8AE586006B805C /* CardSectionImpl.m in Sources */,
				6003F5A7195388D20070C39A /* STViewController.m in Sources */,
				99E747DE1E8AE52D006B805C /* ActionsCellBuilder.m in Sources */,
				6003F59A195388D20070C39A /* main.m in Sources */,
				99E748101E8AE54F006B805C /* PendenciasCell.m in Sources */,
				99E748081E8AE54F006B805C /* ActionsCell.m in Sources */,
				99E747DF1E8AE52D006B805C /* LISCellBuilder.m in Sources */,
				99E748201E8AE595006B805C /* GridCollectionViewCell.m in Sources */,
				99E747BF1E8AE4E6006B805C /* GridSectionBuilder.m in Sources */,
				99E747E21E8AE52D006B805C /* PendenciasCellBuilder.m in Sources */,
				99E747E01E8AE52D006B805C /* LISUtilizadoBuilder.m in Sources */,
				99E747C91E8AE4FE006B805C /* SaldoExpandedCardSectionCell.m in Sources */,
				99E748021E8AE54F006B805C /* SaldoCell.m in Sources */,
				99E747E11E8AE52D006B805C /* SaldoLISBuilder.m in Sources */,
				99E747DD1E8AE52D006B805C /* SaldoCellBuilder.m in Sources */,
				99E748121E8AE54F006B805C /* FeedbackCell.m in Sources */,
				99E7480C1E8AE54F006B805C /* SaldoLISCell.m in Sources */,
				99E748251E8AE5A7006B805C /* CardsDatasource.m in Sources */,
			);
			runOnlyForDeploymentPostprocessing = 0;
		};
		6003F5AA195388D20070C39A /* Sources */ = {
			isa = PBXSourcesBuildPhase;
			buildActionMask = 2147483647;
			files = (
				6003F5BC195388D20070C39A /* Tests.m in Sources */,
			);
			runOnlyForDeploymentPostprocessing = 0;
		};
/* End PBXSourcesBuildPhase section */

/* Begin PBXTargetDependency section */
		6003F5B4195388D20070C39A /* PBXTargetDependency */ = {
			isa = PBXTargetDependency;
			target = 6003F589195388D20070C39A /* Sections_Example */;
			targetProxy = 6003F5B3195388D20070C39A /* PBXContainerItemProxy */;
		};
/* End PBXTargetDependency section */

/* Begin PBXVariantGroup section */
		6003F596195388D20070C39A /* InfoPlist.strings */ = {
			isa = PBXVariantGroup;
			children = (
				6003F597195388D20070C39A /* en */,
			);
			name = InfoPlist.strings;
			sourceTree = "<group>";
		};
		6003F5B8195388D20070C39A /* InfoPlist.strings */ = {
			isa = PBXVariantGroup;
			children = (
				6003F5B9195388D20070C39A /* en */,
			);
			name = InfoPlist.strings;
			sourceTree = "<group>";
		};
		71719F9D1E33DC2100824A3D /* LaunchScreen.storyboard */ = {
			isa = PBXVariantGroup;
			children = (
				71719F9E1E33DC2100824A3D /* Base */,
			);
			name = LaunchScreen.storyboard;
			sourceTree = "<group>";
		};
/* End PBXVariantGroup section */

/* Begin XCBuildConfiguration section */
		6003F5BD195388D20070C39A /* Debug */ = {
			isa = XCBuildConfiguration;
			buildSettings = {
				ALWAYS_SEARCH_USER_PATHS = NO;
				CLANG_CXX_LANGUAGE_STANDARD = "gnu++0x";
				CLANG_CXX_LIBRARY = "libc++";
				CLANG_ENABLE_MODULES = YES;
				CLANG_ENABLE_OBJC_ARC = YES;
				CLANG_WARN_BOOL_CONVERSION = YES;
				CLANG_WARN_CONSTANT_CONVERSION = YES;
				CLANG_WARN_DIRECT_OBJC_ISA_USAGE = YES_ERROR;
				CLANG_WARN_EMPTY_BODY = YES;
				CLANG_WARN_ENUM_CONVERSION = YES;
				CLANG_WARN_INT_CONVERSION = YES;
				CLANG_WARN_OBJC_ROOT_CLASS = YES_ERROR;
				CLANG_WARN__DUPLICATE_METHOD_MATCH = YES;
				"CODE_SIGN_IDENTITY[sdk=iphoneos*]" = "iPhone Developer";
				COPY_PHASE_STRIP = NO;
				ENABLE_TESTABILITY = YES;
				GCC_C_LANGUAGE_STANDARD = gnu99;
				GCC_DYNAMIC_NO_PIC = NO;
				GCC_OPTIMIZATION_LEVEL = 0;
				GCC_PREPROCESSOR_DEFINITIONS = (
					"DEBUG=1",
					"$(inherited)",
				);
				GCC_SYMBOLS_PRIVATE_EXTERN = NO;
				GCC_WARN_64_TO_32_BIT_CONVERSION = YES;
				GCC_WARN_ABOUT_RETURN_TYPE = YES_ERROR;
				GCC_WARN_UNDECLARED_SELECTOR = YES;
				GCC_WARN_UNINITIALIZED_AUTOS = YES_AGGRESSIVE;
				GCC_WARN_UNUSED_FUNCTION = YES;
				GCC_WARN_UNUSED_VARIABLE = YES;
				IPHONEOS_DEPLOYMENT_TARGET = 8.3;
				ONLY_ACTIVE_ARCH = YES;
				SDKROOT = iphoneos;
				TARGETED_DEVICE_FAMILY = "1,2";
			};
			name = Debug;
		};
		6003F5BE195388D20070C39A /* Release */ = {
			isa = XCBuildConfiguration;
			buildSettings = {
				ALWAYS_SEARCH_USER_PATHS = NO;
				CLANG_CXX_LANGUAGE_STANDARD = "gnu++0x";
				CLANG_CXX_LIBRARY = "libc++";
				CLANG_ENABLE_MODULES = YES;
				CLANG_ENABLE_OBJC_ARC = YES;
				CLANG_WARN_BOOL_CONVERSION = YES;
				CLANG_WARN_CONSTANT_CONVERSION = YES;
				CLANG_WARN_DIRECT_OBJC_ISA_USAGE = YES_ERROR;
				CLANG_WARN_EMPTY_BODY = YES;
				CLANG_WARN_ENUM_CONVERSION = YES;
				CLANG_WARN_INT_CONVERSION = YES;
				CLANG_WARN_OBJC_ROOT_CLASS = YES_ERROR;
				CLANG_WARN__DUPLICATE_METHOD_MATCH = YES;
				"CODE_SIGN_IDENTITY[sdk=iphoneos*]" = "iPhone Developer";
				COPY_PHASE_STRIP = YES;
				ENABLE_NS_ASSERTIONS = NO;
				GCC_C_LANGUAGE_STANDARD = gnu99;
				GCC_WARN_64_TO_32_BIT_CONVERSION = YES;
				GCC_WARN_ABOUT_RETURN_TYPE = YES_ERROR;
				GCC_WARN_UNDECLARED_SELECTOR = YES;
				GCC_WARN_UNINITIALIZED_AUTOS = YES_AGGRESSIVE;
				GCC_WARN_UNUSED_FUNCTION = YES;
				GCC_WARN_UNUSED_VARIABLE = YES;
				IPHONEOS_DEPLOYMENT_TARGET = 8.3;
				SDKROOT = iphoneos;
				TARGETED_DEVICE_FAMILY = "1,2";
				VALIDATE_PRODUCT = YES;
			};
			name = Release;
		};
		6003F5C0195388D20070C39A /* Debug */ = {
			isa = XCBuildConfiguration;
			baseConfigurationReference = 9D212FE799B5D3DBCF048E9C /* Pods-Sections_Example.debug.xcconfig */;
			buildSettings = {
				ASSETCATALOG_COMPILER_APPICON_NAME = AppIcon;
				GCC_PRECOMPILE_PREFIX_HEADER = YES;
				GCC_PREFIX_HEADER = "Sections/Sections-Prefix.pch";
				INFOPLIST_FILE = "Sections/Sections-Info.plist";
				MODULE_NAME = ExampleApp;
				PRODUCT_BUNDLE_IDENTIFIER = "org.cocoapods.demo.${PRODUCT_NAME:rfc1034identifier}";
				PRODUCT_NAME = "$(TARGET_NAME)";
				WRAPPER_EXTENSION = app;
			};
			name = Debug;
		};
		6003F5C1195388D20070C39A /* Release */ = {
			isa = XCBuildConfiguration;
			baseConfigurationReference = C145D30C11C5BAA500555BBC /* Pods-Sections_Example.release.xcconfig */;
			buildSettings = {
				ASSETCATALOG_COMPILER_APPICON_NAME = AppIcon;
				GCC_PRECOMPILE_PREFIX_HEADER = YES;
				GCC_PREFIX_HEADER = "Sections/Sections-Prefix.pch";
				INFOPLIST_FILE = "Sections/Sections-Info.plist";
				MODULE_NAME = ExampleApp;
				PRODUCT_BUNDLE_IDENTIFIER = "org.cocoapods.demo.${PRODUCT_NAME:rfc1034identifier}";
				PRODUCT_NAME = "$(TARGET_NAME)";
				WRAPPER_EXTENSION = app;
			};
			name = Release;
		};
		6003F5C3195388D20070C39A /* Debug */ = {
			isa = XCBuildConfiguration;
			baseConfigurationReference = 8B895D7AE9FF3D0DF1B13D32 /* Pods-Sections_Tests.debug.xcconfig */;
			buildSettings = {
				BUNDLE_LOADER = "$(TEST_HOST)";
				FRAMEWORK_SEARCH_PATHS = (
					"$(SDKROOT)/Developer/Library/Frameworks",
					"$(inherited)",
					"$(DEVELOPER_FRAMEWORKS_DIR)",
				);
				GCC_PRECOMPILE_PREFIX_HEADER = YES;
				GCC_PREFIX_HEADER = "Tests/Tests-Prefix.pch";
				GCC_PREPROCESSOR_DEFINITIONS = (
					"DEBUG=1",
					"$(inherited)",
				);
				INFOPLIST_FILE = "Tests/Tests-Info.plist";
				PRODUCT_BUNDLE_IDENTIFIER = "org.cocoapods.demo.${PRODUCT_NAME:rfc1034identifier}";
				PRODUCT_NAME = "$(TARGET_NAME)";
				TEST_HOST = "$(BUILT_PRODUCTS_DIR)/Sections_Example.app/Sections_Example";
				WRAPPER_EXTENSION = xctest;
			};
			name = Debug;
		};
		6003F5C4195388D20070C39A /* Release */ = {
			isa = XCBuildConfiguration;
			baseConfigurationReference = 2B33AA5B160E7764BA5BC0BB /* Pods-Sections_Tests.release.xcconfig */;
			buildSettings = {
				BUNDLE_LOADER = "$(TEST_HOST)";
				FRAMEWORK_SEARCH_PATHS = (
					"$(SDKROOT)/Developer/Library/Frameworks",
					"$(inherited)",
					"$(DEVELOPER_FRAMEWORKS_DIR)",
				);
				GCC_PRECOMPILE_PREFIX_HEADER = YES;
				GCC_PREFIX_HEADER = "Tests/Tests-Prefix.pch";
				INFOPLIST_FILE = "Tests/Tests-Info.plist";
				PRODUCT_BUNDLE_IDENTIFIER = "org.cocoapods.demo.${PRODUCT_NAME:rfc1034identifier}";
				PRODUCT_NAME = "$(TARGET_NAME)";
				TEST_HOST = "$(BUILT_PRODUCTS_DIR)/Sections_Example.app/Sections_Example";
				WRAPPER_EXTENSION = xctest;
			};
			name = Release;
		};
/* End XCBuildConfiguration section */

/* Begin XCConfigurationList section */
		6003F585195388D10070C39A /* Build configuration list for PBXProject "Sections" */ = {
			isa = XCConfigurationList;
			buildConfigurations = (
				6003F5BD195388D20070C39A /* Debug */,
				6003F5BE195388D20070C39A /* Release */,
			);
			defaultConfigurationIsVisible = 0;
			defaultConfigurationName = Release;
		};
		6003F5BF195388D20070C39A /* Build configuration list for PBXNativeTarget "Sections_Example" */ = {
			isa = XCConfigurationList;
			buildConfigurations = (
				6003F5C0195388D20070C39A /* Debug */,
				6003F5C1195388D20070C39A /* Release */,
			);
			defaultConfigurationIsVisible = 0;
			defaultConfigurationName = Release;
		};
		6003F5C2195388D20070C39A /* Build configuration list for PBXNativeTarget "Sections_Tests" */ = {
			isa = XCConfigurationList;
			buildConfigurations = (
				6003F5C3195388D20070C39A /* Debug */,
				6003F5C4195388D20070C39A /* Release */,
			);
			defaultConfigurationIsVisible = 0;
			defaultConfigurationName = Release;
		};
/* End XCConfigurationList section */
	};
	rootObject = 6003F582195388D10070C39A /* Project object */;
}
